// !$*UTF8*$!
{
	archiveVersion = 1;
	classes = {
	};
	objectVersion = 56;
	objects = {

/* Begin PBXBuildFile section */
		B0000000000000000000001 /* fredclawApp.swift in Sources */ = {isa = PBXBuildFile; fileRef = F0000000000000000000001 /* fredclawApp.swift */; };
		B0000000000000000000002 /* FredModule.swift in Sources */ = {isa = PBXBuildFile; fileRef = F0000000000000000000002 /* FredModule.swift */; };
		B0000000000000000000003 /* FredModuleContext.swift in Sources */ = {isa = PBXBuildFile; fileRef = F0000000000000000000003 /* FredModuleContext.swift */; };
		B0000000000000000000004 /* FredModuleRegistry.swift in Sources */ = {isa = PBXBuildFile; fileRef = F0000000000000000000004 /* FredModuleRegistry.swift */; };
		B0000000000000000000005 /* HotkeyBinding.swift in Sources */ = {isa = PBXBuildFile; fileRef = F0000000000000000000005 /* HotkeyBinding.swift */; };
		B0000000000000000000006 /* HotkeyManager.swift in Sources */ = {isa = PBXBuildFile; fileRef = F0000000000000000000006 /* HotkeyManager.swift */; };
		B0000000000000000000007 /* DataStore.swift in Sources */ = {isa = PBXBuildFile; fileRef = F0000000000000000000007 /* DataStore.swift */; };
		B0000000000000000000008 /* SettingsStore.swift in Sources */ = {isa = PBXBuildFile; fileRef = F0000000000000000000008 /* SettingsStore.swift */; };
		B0000000000000000000009 /* EventBus.swift in Sources */ = {isa = PBXBuildFile; fileRef = F0000000000000000000009 /* EventBus.swift */; };
		B0000000000000000000010 /* PermissionsManager.swift in Sources */ = {isa = PBXBuildFile; fileRef = F0000000000000000000010 /* PermissionsManager.swift */; };
		B0000000000000000000011 /* MenuBarContentView.swift in Sources */ = {isa = PBXBuildFile; fileRef = F0000000000000000000011 /* MenuBarContentView.swift */; };
		B0000000000000000000012 /* ModuleTabBar.swift in Sources */ = {isa = PBXBuildFile; fileRef = F0000000000000000000012 /* ModuleTabBar.swift */; };
		B0000000000000000000013 /* AboutView.swift in Sources */ = {isa = PBXBuildFile; fileRef = F0000000000000000000013 /* AboutView.swift */; };
		B0000000000000000000014 /* ClipboardModule.swift in Sources */ = {isa = PBXBuildFile; fileRef = F0000000000000000000014 /* ClipboardModule.swift */; };
		B0000000000000000000015 /* ClipboardManager.swift in Sources */ = {isa = PBXBuildFile; fileRef = F0000000000000000000015 /* ClipboardManager.swift */; };
		B0000000000000000000016 /* ClipboardItem.swift in Sources */ = {isa = PBXBuildFile; fileRef = F0000000000000000000016 /* ClipboardItem.swift */; };
		B0000000000000000000017 /* ClipboardView.swift in Sources */ = {isa = PBXBuildFile; fileRef = F0000000000000000000017 /* ClipboardView.swift */; };
		B0000000000000000000018 /* HistoryStore.swift in Sources */ = {isa = PBXBuildFile; fileRef = F0000000000000000000018 /* HistoryStore.swift */; };
		B0000000000000000000019 /* FredLog.swift in Sources */ = {isa = PBXBuildFile; fileRef = F0000000000000000000019 /* FredLog.swift */; };
		B0000000000000000000020 /* Assets.xcassets in Resources */ = {isa = PBXBuildFile; fileRef = F0000000000000000000020 /* Assets.xcassets */; };
/* End PBXBuildFile section */

/* Begin PBXFileReference section */
		F0000000000000000000001 /* fredclawApp.swift */ = {isa = PBXFileReference; lastKnownFileType = sourcecode.swift; path = fredclawApp.swift; sourceTree = "<group>"; };
		F0000000000000000000002 /* FredModule.swift */ = {isa = PBXFileReference; lastKnownFileType = sourcecode.swift; path = FredModule.swift; sourceTree = "<group>"; };
		F0000000000000000000003 /* FredModuleContext.swift */ = {isa = PBXFileReference; lastKnownFileType = sourcecode.swift; path = FredModuleContext.swift; sourceTree = "<group>"; };
		F0000000000000000000004 /* FredModuleRegistry.swift */ = {isa = PBXFileReference; lastKnownFileType = sourcecode.swift; path = FredModuleRegistry.swift; sourceTree = "<group>"; };
		F0000000000000000000005 /* HotkeyBinding.swift */ = {isa = PBXFileReference; lastKnownFileType = sourcecode.swift; path = HotkeyBinding.swift; sourceTree = "<group>"; };
		F0000000000000000000006 /* HotkeyManager.swift */ = {isa = PBXFileReference; lastKnownFileType = sourcecode.swift; path = HotkeyManager.swift; sourceTree = "<group>"; };
		F0000000000000000000007 /* DataStore.swift */ = {isa = PBXFileReference; lastKnownFileType = sourcecode.swift; path = DataStore.swift; sourceTree = "<group>"; };
		F0000000000000000000008 /* SettingsStore.swift */ = {isa = PBXFileReference; lastKnownFileType = sourcecode.swift; path = SettingsStore.swift; sourceTree = "<group>"; };
		F0000000000000000000009 /* EventBus.swift */ = {isa = PBXFileReference; lastKnownFileType = sourcecode.swift; path = EventBus.swift; sourceTree = "<group>"; };
		F0000000000000000000010 /* PermissionsManager.swift */ = {isa = PBXFileReference; lastKnownFileType = sourcecode.swift; path = PermissionsManager.swift; sourceTree = "<group>"; };
		F0000000000000000000011 /* MenuBarContentView.swift */ = {isa = PBXFileReference; lastKnownFileType = sourcecode.swift; path = MenuBarContentView.swift; sourceTree = "<group>"; };
		F0000000000000000000012 /* ModuleTabBar.swift */ = {isa = PBXFileReference; lastKnownFileType = sourcecode.swift; path = ModuleTabBar.swift; sourceTree = "<group>"; };
		F0000000000000000000013 /* AboutView.swift */ = {isa = PBXFileReference; lastKnownFileType = sourcecode.swift; path = AboutView.swift; sourceTree = "<group>"; };
		F0000000000000000000014 /* ClipboardModule.swift */ = {isa = PBXFileReference; lastKnownFileType = sourcecode.swift; path = ClipboardModule.swift; sourceTree = "<group>"; };
		F0000000000000000000015 /* ClipboardManager.swift */ = {isa = PBXFileReference; lastKnownFileType = sourcecode.swift; path = ClipboardManager.swift; sourceTree = "<group>"; };
		F0000000000000000000016 /* ClipboardItem.swift */ = {isa = PBXFileReference; lastKnownFileType = sourcecode.swift; path = ClipboardItem.swift; sourceTree = "<group>"; };
		F0000000000000000000017 /* ClipboardView.swift */ = {isa = PBXFileReference; lastKnownFileType = sourcecode.swift; path = ClipboardView.swift; sourceTree = "<group>"; };
		F0000000000000000000018 /* HistoryStore.swift */ = {isa = PBXFileReference; lastKnownFileType = sourcecode.swift; path = HistoryStore.swift; sourceTree = "<group>"; };
		F0000000000000000000019 /* FredLog.swift */ = {isa = PBXFileReference; lastKnownFileType = sourcecode.swift; path = FredLog.swift; sourceTree = "<group>"; };
		F0000000000000000000020 /* Assets.xcassets */ = {isa = PBXFileReference; lastKnownFileType = folder.assetcatalog; path = Assets.xcassets; sourceTree = "<group>"; };
		F0000000000000000000021 /* Info.plist */ = {isa = PBXFileReference; lastKnownFileType = text.plist.xml; path = Info.plist; sourceTree = "<group>"; };
		F0000000000000000000022 /* fredclaw.entitlements */ = {isa = PBXFileReference; lastKnownFileType = text.plist.entitlements; path = fredclaw.entitlements; sourceTree = "<group>"; };
		F0000000000000000000023 /* fredclaw.app */ = {isa = PBXFileReference; explicitFileType = wrapper.application; includeInIndex = 0; path = fredclaw.app; sourceTree = BUILT_PRODUCTS_DIR; };
/* End PBXFileReference section */

/* Begin PBXFrameworksBuildPhase section */
		P0000000000000000000002 /* Frameworks */ = {
			isa = PBXFrameworksBuildPhase;
			buildActionMask = 2147483647;
			files = (
			);
			runOnlyForDeploymentPostprocessing = 0;
		};
/* End PBXFrameworksBuildPhase section */

/* Begin PBXGroup section */
		G0000000000000000000001 /* Root */ = {
			isa = PBXGroup;
			children = (
				G0000000000000000000002 /* fredclaw */,
				G0000000000000000000015 /* Products */,
			);
			sourceTree = "<group>";
		};
		G0000000000000000000002 /* fredclaw */ = {
			isa = PBXGroup;
			children = (
				G0000000000000000000003 /* App */,
				G0000000000000000000004 /* Core */,
				G0000000000000000000011 /* Modules */,
				G0000000000000000000013 /* Resources */,
				G0000000000000000000014 /* Supporting */,
			);
			path = fredclaw;
			sourceTree = "<group>";
		};
		G0000000000000000000003 /* App */ = {
			isa = PBXGroup;
			children = (
				F0000000000000000000001 /* fredclawApp.swift */,
			);
			path = App;
			sourceTree = "<group>";
		};
		G0000000000000000000004 /* Core */ = {
			isa = PBXGroup;
			children = (
				G0000000000000000000005 /* Module */,
				G0000000000000000000006 /* Hotkey */,
				G0000000000000000000007 /* Storage */,
				G0000000000000000000008 /* Events */,
				G0000000000000000000009 /* Permissions */,
				G0000000000000000000010 /* UI */,
			);
			path = Core;
			sourceTree = "<group>";
		};
		G0000000000000000000005 /* Module */ = {
			isa = PBXGroup;
			children = (
				F0000000000000000000002 /* FredModule.swift */,
				F0000000000000000000003 /* FredModuleContext.swift */,
				F0000000000000000000004 /* FredModuleRegistry.swift */,
			);
			path = Module;
			sourceTree = "<group>";
		};
		G0000000000000000000006 /* Hotkey */ = {
			isa = PBXGroup;
			children = (
				F0000000000000000000005 /* HotkeyBinding.swift */,
				F0000000000000000000006 /* HotkeyManager.swift */,
			);
			path = Hotkey;
			sourceTree = "<group>";
		};
		G0000000000000000000007 /* Storage */ = {
			isa = PBXGroup;
			children = (
				F0000000000000000000007 /* DataStore.swift */,
				F0000000000000000000008 /* SettingsStore.swift */,
			);
			path = Storage;
			sourceTree = "<group>";
		};
		G0000000000000000000008 /* Events */ = {
			isa = PBXGroup;
			children = (
				F0000000000000000000009 /* EventBus.swift */,
			);
			path = Events;
			sourceTree = "<group>";
		};
		G0000000000000000000009 /* Permissions */ = {
			isa = PBXGroup;
			children = (
				F0000000000000000000010 /* PermissionsManager.swift */,
			);
			path = Permissions;
			sourceTree = "<group>";
		};
		G0000000000000000000010 /* UI */ = {
			isa = PBXGroup;
			children = (
				F0000000000000000000011 /* MenuBarContentView.swift */,
				F0000000000000000000012 /* ModuleTabBar.swift */,
				F0000000000000000000013 /* AboutView.swift */,
			);
			path = UI;
			sourceTree = "<group>";
		};
		G0000000000000000000011 /* Modules */ = {
			isa = PBXGroup;
			children = (
				G0000000000000000000012 /* Clipboard */,
			);
			path = Modules;
			sourceTree = "<group>";
		};
		G0000000000000000000012 /* Clipboard */ = {
			isa = PBXGroup;
			children = (
				F0000000000000000000014 /* ClipboardModule.swift */,
				F0000000000000000000015 /* ClipboardManager.swift */,
				F0000000000000000000016 /* ClipboardItem.swift */,
				F0000000000000000000017 /* ClipboardView.swift */,
				F0000000000000000000018 /* HistoryStore.swift */,
			);
			path = Clipboard;
			sourceTree = "<group>";
		};
		G0000000000000000000013 /* Resources */ = {
			isa = PBXGroup;
			children = (
				F0000000000000000000020 /* Assets.xcassets */,
				F0000000000000000000021 /* Info.plist */,
				F0000000000000000000022 /* fredclaw.entitlements */,
			);
			path = Resources;
			sourceTree = "<group>";
		};
		G0000000000000000000014 /* Supporting */ = {
			isa = PBXGroup;
			children = (
				F0000000000000000000019 /* FredLog.swift */,
			);
			path = Supporting;
			sourceTree = "<group>";
		};
		G0000000000000000000015 /* Products */ = {
			isa = PBXGroup;
			children = (
				F0000000000000000000023 /* fredclaw.app */,
			);
			name = Products;
			sourceTree = "<group>";
		};
/* End PBXGroup section */

/* Begin PBXNativeTarget section */
		T0000000000000000000001 /* fredclaw */ = {
			isa = PBXNativeTarget;
			buildConfigurationList = L0000000000000000000002 /* Build configuration list for PBXNativeTarget "fredclaw" */;
			buildPhases = (
				P0000000000000000000001 /* Sources */,
				P0000000000000000000002 /* Frameworks */,
				P0000000000000000000003 /* Resources */,
			);
			buildRules = (
			);
			dependencies = (
			);
			name = fredclaw;
			productName = fredclaw;
			productReference = F0000000000000000000023 /* fredclaw.app */;
			productType = "com.apple.product-type.application";
		};
/* End PBXNativeTarget section */

/* Begin PBXProject section */
		PR000000000000000000001 /* Project object */ = {
			isa = PBXProject;
			attributes = {
				BuildIndependentTargetsInParallel = 1;
				LastSwiftUpdateCheck = 1500;
				LastUpgradeCheck = 1500;
				TargetAttributes = {
					T0000000000000000000001 = {
						CreatedOnToolsVersion = 15.0;
					};
				};
			};
			buildConfigurationList = L0000000000000000000001 /* Build configuration list for PBXProject "fredclaw" */;
			compatibilityVersion = "Xcode 14.0";
			developmentRegion = "zh-Hans";
			hasScannedForEncodings = 0;
			knownRegions = (
				en,
				"zh-Hans",
				Base,
			);
			mainGroup = G0000000000000000000001 /* Root */;
			productRefGroup = G0000000000000000000015 /* Products */;
			projectDirPath = "";
			projectRoot = "";
			targets = (
				T0000000000000000000001 /* fredclaw */,
			);
		};
/* End PBXProject section */

/* Begin PBXResourcesBuildPhase section */
		P0000000000000000000003 /* Resources */ = {
			isa = PBXResourcesBuildPhase;
			buildActionMask = 2147483647;
			files = (
				B0000000000000000000020 /* Assets.xcassets in Resources */,
			);
			runOnlyForDeploymentPostprocessing = 0;
		};
/* End PBXResourcesBuildPhase section */

/* Begin PBXSourcesBuildPhase section */
		P0000000000000000000001 /* Sources */ = {
			isa = PBXSourcesBuildPhase;
			buildActionMask = 2147483647;
			files = (
				B0000000000000000000001 /* fredclawApp.swift in Sources */,
				B0000000000000000000002 /* FredModule.swift in Sources */,
				B0000000000000000000003 /* FredModuleContext.swift in Sources */,
				B0000000000000000000004 /* FredModuleRegistry.swift in Sources */,
				B0000000000000000000005 /* HotkeyBinding.swift in Sources */,
				B0000000000000000000006 /* HotkeyManager.swift in Sources */,
				B0000000000000000000007 /* DataStore.swift in Sources */,
				B0000000000000000000008 /* SettingsStore.swift in Sources */,
				B0000000000000000000009 /* EventBus.swift in Sources */,
				B0000000000000000000010 /* PermissionsManager.swift in Sources */,
				B0000000000000000000011 /* MenuBarContentView.swift in Sources */,
				B0000000000000000000012 /* ModuleTabBar.swift in Sources */,
				B0000000000000000000013 /* AboutView.swift in Sources */,
				B0000000000000000000014 /* ClipboardModule.swift in Sources */,
				B0000000000000000000015 /* ClipboardManager.swift in Sources */,
				B0000000000000000000016 /* ClipboardItem.swift in Sources */,
				B0000000000000000000017 /* ClipboardView.swift in Sources */,
				B0000000000000000000018 /* HistoryStore.swift in Sources */,
				B0000000000000000000019 /* FredLog.swift in Sources */,
			);
			runOnlyForDeploymentPostprocessing = 0;
		};
/* End PBXSourcesBuildPhase section */

/* Begin XCBuildConfiguration section */
		C0000000000000000000001 /* Debug */ = {
			isa = XCBuildConfiguration;
			buildSettings = {
				ALWAYS_SEARCH_USER_PATHS = NO;
				ASSETCATALOG_COMPILER_GENERATE_SWIFT_ASSET_SYMBOL_EXTENSIONS = YES;
				CLANG_ANALYZER_NONNULL = YES;
				CLANG_ANALYZER_NUMBER_OBJECT_CONVERSION = YES_AGGRESSIVE;
				CLANG_CXX_LANGUAGE_STANDARD = "gnu++20";
				CLANG_ENABLE_MODULES = YES;
				CLANG_ENABLE_OBJC_ARC = YES;
				CLANG_ENABLE_OBJC_WEAK = YES;
				CLANG_WARN_BLOCK_CAPTURE_AUTORELEASING = YES;
				CLANG_WARN_BOOL_CONVERSION = YES;
				CLANG_WARN_COMMA = YES;
				CLANG_WARN_CONSTANT_CONVERSION = YES;
				CLANG_WARN_DEPRECATED_OBJC_IMPLEMENTATIONS = YES;
				CLANG_WARN_DIRECT_OBJC_ISA_USAGE = YES_ERROR;
				CLANG_WARN_DOCUMENTATION_COMMENTS = YES;
				CLANG_WARN_EMPTY_BODY = YES;
				CLANG_WARN_ENUM_CONVERSION = YES;
				CLANG_WARN_INFINITE_RECURSION = YES;
				CLANG_WARN_INT_CONVERSION = YES;
				CLANG_WARN_NON_LITERAL_NULL_CONVERSION = YES;
				CLANG_WARN_OBJC_IMPLICIT_RETAIN_SELF = YES;
				CLANG_WARN_OBJC_LITERAL_CONVERSION = YES;
				CLANG_WARN_OBJC_ROOT_CLASS = YES_ERROR;
				CLANG_WARN_QUOTED_INCLUDE_IN_FRAMEWORK_HEADER = YES;
				CLANG_WARN_RANGE_LOOP_ANALYSIS = YES;
				CLANG_WARN_STRICT_PROTOTYPES = YES;
				CLANG_WARN_SUSPICIOUS_MOVE = YES;
				CLANG_WARN_UNGUARDED_AVAILABILITY = YES_AGGRESSIVE;
				CLANG_WARN_UNREACHABLE_CODE = YES;
				CLANG_WARN__DUPLICATE_METHOD_MATCH = YES;
				COPY_PHASE_STRIP = NO;
				DEBUG_INFORMATION_FORMAT = dwarf;
				ENABLE_STRICT_OBJC_MSGSEND = YES;
				ENABLE_TESTABILITY = YES;
				ENABLE_USER_SCRIPT_SANDBOXING = YES;
				GCC_C_LANGUAGE_STANDARD = gnu17;
				GCC_DYNAMIC_NO_PIC = NO;
				GCC_NO_COMMON_BLOCKS = YES;
				GCC_OPTIMIZATION_LEVEL = 0;
				GCC_PREPROCESSOR_DEFINITIONS = (
					"DEBUG=1",
					"$(inherited)",
				);
				GCC_WARN_64_TO_32_BIT_CONVERSION = YES;
				GCC_WARN_ABOUT_RETURN_TYPE = YES_ERROR;
				GCC_WARN_UNDECLARED_SELECTOR = YES;
				GCC_WARN_UNINITIALIZED_AUTOS = YES_AGGRESSIVE;
				GCC_WARN_UNUSED_FUNCTION = YES;
				GCC_WARN_UNUSED_VARIABLE = YES;
				MACOSX_DEPLOYMENT_TARGET = 13.0;
				MTL_ENABLE_DEBUG_INFO = INCLUDE_SOURCE;
				MTL_FAST_MATH = YES;
				ONLY_ACTIVE_ARCH = YES;
				SDKROOT = macosx;
				SWIFT_ACTIVE_COMPILATION_CONDITIONS = "DEBUG $(inherited)";
				SWIFT_OPTIMIZATION_LEVEL = "-Onone";
			};
			name = Debug;
		};
		C0000000000000000000002 /* Release */ = {
			isa = XCBuildConfiguration;
			buildSettings = {
				ALWAYS_SEARCH_USER_PATHS = NO;
				ASSETCATALOG_COMPILER_GENERATE_SWIFT_ASSET_SYMBOL_EXTENSIONS = YES;
				CLANG_ANALYZER_NONNULL = YES;
				CLANG_ANALYZER_NUMBER_OBJECT_CONVERSION = YES_AGGRESSIVE;
				CLANG_CXX_LANGUAGE_STANDARD = "gnu++20";
				CLANG_ENABLE_MODULES = YES;
				CLANG_ENABLE_OBJC_ARC = YES;
				CLANG_ENABLE_OBJC_WEAK = YES;
				CLANG_WARN_BLOCK_CAPTURE_AUTORELEASING = YES;
				CLANG_WARN_BOOL_CONVERSION = YES;
				CLANG_WARN_COMMA = YES;
				CLANG_WARN_CONSTANT_CONVERSION = YES;
				CLANG_WARN_DEPRECATED_OBJC_IMPLEMENTATIONS = YES;
				CLANG_WARN_DIRECT_OBJC_ISA_USAGE = YES_ERROR;
				CLANG_WARN_DOCUMENTATION_COMMENTS = YES;
				CLANG_WARN_EMPTY_BODY = YES;
				CLANG_WARN_ENUM_CONVERSION = YES;
				CLANG_WARN_INFINITE_RECURSION = YES;
				CLANG_WARN_INT_CONVERSION = YES;
				CLANG_WARN_NON_LITERAL_NULL_CONVERSION = YES;
				CLANG_WARN_OBJC_IMPLICIT_RETAIN_SELF = YES;
				CLANG_WARN_OBJC_LITERAL_CONVERSION = YES;
				CLANG_WARN_OBJC_ROOT_CLASS = YES_ERROR;
				CLANG_WARN_QUOTED_INCLUDE_IN_FRAMEWORK_HEADER = YES;
				CLANG_WARN_RANGE_LOOP_ANALYSIS = YES;
				CLANG_WARN_STRICT_PROTOTYPES = YES;
				CLANG_WARN_SUSPICIOUS_MOVE = YES;
				CLANG_WARN_UNGUARDED_AVAILABILITY = YES_AGGRESSIVE;
				CLANG_WARN_UNREACHABLE_CODE = YES;
				CLANG_WARN__DUPLICATE_METHOD_MATCH = YES;
				COPY_PHASE_STRIP = NO;
				DEBUG_INFORMATION_FORMAT = "dwarf-with-dsym";
				ENABLE_NS_ASSERTIONS = NO;
				ENABLE_STRICT_OBJC_MSGSEND = YES;
				ENABLE_USER_SCRIPT_SANDBOXING = YES;
				GCC_C_LANGUAGE_STANDARD = gnu17;
				GCC_NO_COMMON_BLOCKS = YES;
				GCC_WARN_64_TO_32_BIT_CONVERSION = YES;
				GCC_WARN_ABOUT_RETURN_TYPE = YES_ERROR;
				GCC_WARN_UNDECLARED_SELECTOR = YES;
				GCC_WARN_UNINITIALIZED_AUTOS = YES_AGGRESSIVE;
				GCC_WARN_UNUSED_FUNCTION = YES;
				GCC_WARN_UNUSED_VARIABLE = YES;
				MACOSX_DEPLOYMENT_TARGET = 13.0;
				MTL_ENABLE_DEBUG_INFO = NO;
				MTL_FAST_MATH = YES;
				SDKROOT = macosx;
				SWIFT_COMPILATION_MODE = wholemodule;
			};
			name = Release;
		};
		C0000000000000000000003 /* Debug */ = {
			isa = XCBuildConfiguration;
			buildSettings = {
				ASSETCATALOG_COMPILER_APPICON_NAME = AppIcon;
				ASSETCATALOG_COMPILER_GLOBAL_ACCENT_COLOR_NAME = AccentColor;
				CODE_SIGN_ENTITLEMENTS = fredclaw/Resources/fredclaw.entitlements;
				CODE_SIGN_STYLE = Automatic;
				COMBINE_HIDPI_IMAGES = YES;
				CURRENT_PROJECT_VERSION = 1;
				GENERATE_INFOPLIST_FILE = NO;
				INFOPLIST_FILE = fredclaw/Resources/Info.plist;
				LD_RUNPATH_SEARCH_PATHS = (
					"$(inherited)",
					"@executable_path/../Frameworks",
				);
				MARKETING_VERSION = 0.1;
				PRODUCT_BUNDLE_IDENTIFIER = com.fredclaw.app;
				PRODUCT_NAME = "$(TARGET_NAME)";
				SWIFT_EMIT_LOC_STRINGS = YES;
				SWIFT_VERSION = 5.0;
			};
			name = Debug;
		};
		C0000000000000000000004 /* Release */ = {
			isa = XCBuildConfiguration;
			buildSettings = {
				ASSETCATALOG_COMPILER_APPICON_NAME = AppIcon;
				ASSETCATALOG_COMPILER_GLOBAL_ACCENT_COLOR_NAME = AccentColor;
				CODE_SIGN_ENTITLEMENTS = fredclaw/Resources/fredclaw.entitlements;
				CODE_SIGN_STYLE = Automatic;
				COMBINE_HIDPI_IMAGES = YES;
				CURRENT_PROJECT_VERSION = 1;
				GENERATE_INFOPLIST_FILE = NO;
				INFOPLIST_FILE = fredclaw/Resources/Info.plist;
				LD_RUNPATH_SEARCH_PATHS = (
					"$(inherited)",
					"@executable_path/../Frameworks",
				);
				MARKETING_VERSION = 0.1;
				PRODUCT_BUNDLE_IDENTIFIER = com.fredclaw.app;
				PRODUCT_NAME = "$(TARGET_NAME)";
				SWIFT_EMIT_LOC_STRINGS = YES;
				SWIFT_VERSION = 5.0;
			};
			name = Release;
		};
/* End XCBuildConfiguration section */

/* Begin XCConfigurationList section */
		L0000000000000000000001 /* Build configuration list for PBXProject "fredclaw" */ = {
			isa = XCConfigurationList;
			buildConfigurations = (
				C0000000000000000000001 /* Debug */,
				C0000000000000000000002 /* Release */,
			);
			defaultConfigurationIsVisible = 0;
			defaultConfigurationName = Release;
		};
		L0000000000000000000002 /* Build configuration list for PBXNativeTarget "fredclaw" */ = {
			isa = XCConfigurationList;
			buildConfigurations = (
				C0000000000000000000003 /* Debug */,
				C0000000000000000000004 /* Release */,
			);
			defaultConfigurationIsVisible = 0;
			defaultConfigurationName = Release;
		};
/* End XCConfigurationList section */
	};
	rootObject = PR000000000000000000001 /* Project object */;
}
